
Microsoft Visual Studio Solution File, Format Version 12.00
# Visual Studio Version 17
VisualStudioVersion = 17.4.33213.308
MinimumVisualStudioVersion = 10.0.40219.1
Project("{2150E333-8FDC-42A3-9474-1A3956D46DE8}") = "Core", "Core", "{E34B1361-1097-4781-9F0D-81B700883CB5}"
EndProject
Project("{9A19103F-16F7-4668-BE54-9A1E7A4F7556}") = "OAuthService.Core", "Core\OAuthService.Core\OAuthService.Core.csproj", "{A2DBD615-1584-4919-8F0F-2B79FD20236E}"
EndProject
Project("{2150E333-8FDC-42A3-9474-1A3956D46DE8}") = "Services", "Services", "{6B4AFF00-D89F-4EA9-9B1C-32BC8C2A5258}"
EndProject
Project("{2150E333-8FDC-42A3-9474-1A3956D46DE8}") = "Interfaces", "Interfaces", "{FE36B0C3-1174-49C2-8EB1-18C6CC4C5DA8}"
EndProject
Project("{2150E333-8FDC-42A3-9474-1A3956D46DE8}") = "Data", "Data", "{548BD663-0D90-443E-A527-AE8BC57BE208}"
EndProject
Project("{9A19103F-16F7-4668-BE54-9A1E7A4F7556}") = "OAuthService.Data", "Data\OAuthService.Data\OAuthService.Data.csproj", "{17388CDC-0ED9-4678-847B-3CBD67B4B0A9}"
EndProject
Project("{9A19103F-16F7-4668-BE54-9A1E7A4F7556}") = "OAuthConstans", "..\OAuthConstans\OAuthConstans\OAuthConstans.csproj", "{C06B82F0-D24A-4FA0-B36C-937B061B27E2}"
EndProject
Project("{9A19103F-16F7-4668-BE54-9A1E7A4F7556}") = "OAuthService.Exceptions", "..\OAuthService.Exceptions\OAuthService.Exceptions\OAuthService.Exceptions.csproj", "{E4E5AF42-8C69-4485-88E3-BBCF80451FCB}"
EndProject
Project("{9A19103F-16F7-4668-BE54-9A1E7A4F7556}") = "OAuthService.Web", "Web\OAuthService.Web\OAuthService.Web.csproj", "{EBC6EA7F-5520-4E4A-B016-25D4BBC0C3D7}"
EndProject
Project("{2150E333-8FDC-42A3-9474-1A3956D46DE8}") = "Web", "Web", "{075D772D-D0DC-47A9-9A9B-D0110F15F7E6}"
EndProject
Project("{9A19103F-16F7-4668-BE54-9A1E7A4F7556}") = "OAuthService.Infrastructure", "Services\OAuthService.Infrastructure\OAuthService.Infrastructure.csproj", "{ADA7FE92-57F4-4156-BAC6-E29C44617B28}"
EndProject
Project("{9A19103F-16F7-4668-BE54-9A1E7A4F7556}") = "OAuth.Types.Abstraction", "..\OAuth.Types.Abstraction\OAuth.Types.Abstraction\OAuth.Types.Abstraction.csproj", "{37BE2312-4A50-4C58-BEEB-0DD4884CB5F3}"
EndProject
Project("{9A19103F-16F7-4668-BE54-9A1E7A4F7556}") = "OAuthService.Infrastructure.Types", "Core\OAuthService.Types\OAuthService.Infrastructure.Types.csproj", "{8BE66A04-8C99-4447-B79E-ABB8552A90C6}"
EndProject
Project("{9A19103F-16F7-4668-BE54-9A1E7A4F7556}") = "OAuthService.Infrastructure.Abstraction", "Interfaces\OAuthService.Infrastructure.Abstraction\OAuthService.Infrastructure.Abstraction.csproj", "{8DC0A602-27D0-4F40-8504-D5B8242C6E2D}"
EndProject
Project("{9A19103F-16F7-4668-BE54-9A1E7A4F7556}") = "OAuthService.Data.Abstraction", "Interfaces\OAuthService.Data.Abstraction\OAuthService.Data.Abstraction.csproj", "{AB87D336-4F0F-46B8-A740-8D7B07BC0E99}"
EndProject
Global
	GlobalSection(SolutionConfigurationPlatforms) = preSolution
		Debug|Any CPU = Debug|Any CPU
		Release|Any CPU = Release|Any CPU
	EndGlobalSection
	GlobalSection(ProjectConfigurationPlatforms) = postSolution
		{A2DBD615-1584-4919-8F0F-2B79FD20236E}.Debug|Any CPU.ActiveCfg = Debug|Any CPU
		{A2DBD615-1584-4919-8F0F-2B79FD20236E}.Debug|Any CPU.Build.0 = Debug|Any CPU
		{A2DBD615-1584-4919-8F0F-2B79FD20236E}.Release|Any CPU.ActiveCfg = Release|Any CPU
		{A2DBD615-1584-4919-8F0F-2B79FD20236E}.Release|Any CPU.Build.0 = Release|Any CPU
		{17388CDC-0ED9-4678-847B-3CBD67B4B0A9}.Debug|Any CPU.ActiveCfg = Debug|Any CPU
		{17388CDC-0ED9-4678-847B-3CBD67B4B0A9}.Debug|Any CPU.Build.0 = Debug|Any CPU
		{17388CDC-0ED9-4678-847B-3CBD67B4B0A9}.Release|Any CPU.ActiveCfg = Release|Any CPU
		{17388CDC-0ED9-4678-847B-3CBD67B4B0A9}.Release|Any CPU.Build.0 = Release|Any CPU
		{C06B82F0-D24A-4FA0-B36C-937B061B27E2}.Debug|Any CPU.ActiveCfg = Debug|Any CPU
		{C06B82F0-D24A-4FA0-B36C-937B061B27E2}.Debug|Any CPU.Build.0 = Debug|Any CPU
		{C06B82F0-D24A-4FA0-B36C-937B061B27E2}.Release|Any CPU.ActiveCfg = Release|Any CPU
		{C06B82F0-D24A-4FA0-B36C-937B061B27E2}.Release|Any CPU.Build.0 = Release|Any CPU
		{E4E5AF42-8C69-4485-88E3-BBCF80451FCB}.Debug|Any CPU.ActiveCfg = Debug|Any CPU
		{E4E5AF42-8C69-4485-88E3-BBCF80451FCB}.Debug|Any CPU.Build.0 = Debug|Any CPU
		{E4E5AF42-8C69-4485-88E3-BBCF80451FCB}.Release|Any CPU.ActiveCfg = Release|Any CPU
		{E4E5AF42-8C69-4485-88E3-BBCF80451FCB}.Release|Any CPU.Build.0 = Release|Any CPU
		{EBC6EA7F-5520-4E4A-B016-25D4BBC0C3D7}.Debug|Any CPU.ActiveCfg = Debug|Any CPU
		{EBC6EA7F-5520-4E4A-B016-25D4BBC0C3D7}.Debug|Any CPU.Build.0 = Debug|Any CPU
		{EBC6EA7F-5520-4E4A-B016-25D4BBC0C3D7}.Release|Any CPU.ActiveCfg = Release|Any CPU
		{EBC6EA7F-5520-4E4A-B016-25D4BBC0C3D7}.Release|Any CPU.Build.0 = Release|Any CPU
		{ADA7FE92-57F4-4156-BAC6-E29C44617B28}.Debug|Any CPU.ActiveCfg = Debug|Any CPU
		{ADA7FE92-57F4-4156-BAC6-E29C44617B28}.Debug|Any CPU.Build.0 = Debug|Any CPU
		{ADA7FE92-57F4-4156-BAC6-E29C44617B28}.Release|Any CPU.ActiveCfg = Release|Any CPU
		{ADA7FE92-57F4-4156-BAC6-E29C44617B28}.Release|Any CPU.Build.0 = Release|Any CPU
		{37BE2312-4A50-4C58-BEEB-0DD4884CB5F3}.Debug|Any CPU.ActiveCfg = Debug|Any CPU
		{37BE2312-4A50-4C58-BEEB-0DD4884CB5F3}.Debug|Any CPU.Build.0 = Debug|Any CPU
		{37BE2312-4A50-4C58-BEEB-0DD4884CB5F3}.Release|Any CPU.ActiveCfg = Release|Any CPU
		{37BE2312-4A50-4C58-BEEB-0DD4884CB5F3}.Release|Any CPU.Build.0 = Release|Any CPU
		{8BE66A04-8C99-4447-B79E-ABB8552A90C6}.Debug|Any CPU.ActiveCfg = Debug|Any CPU
		{8BE66A04-8C99-4447-B79E-ABB8552A90C6}.Debug|Any CPU.Build.0 = Debug|Any CPU
		{8BE66A04-8C99-4447-B79E-ABB8552A90C6}.Release|Any CPU.ActiveCfg = Release|Any CPU
		{8BE66A04-8C99-4447-B79E-ABB8552A90C6}.Release|Any CPU.Build.0 = Release|Any CPU
		{8DC0A602-27D0-4F40-8504-D5B8242C6E2D}.Debug|Any CPU.ActiveCfg = Debug|Any CPU
		{8DC0A602-27D0-4F40-8504-D5B8242C6E2D}.Debug|Any CPU.Build.0 = Debug|Any CPU
		{8DC0A602-27D0-4F40-8504-D5B8242C6E2D}.Release|Any CPU.ActiveCfg = Release|Any CPU
		{8DC0A602-27D0-4F40-8504-D5B8242C6E2D}.Release|Any CPU.Build.0 = Release|Any CPU
		{AB87D336-4F0F-46B8-A740-8D7B07BC0E99}.Debug|Any CPU.ActiveCfg = Debug|Any CPU
		{AB87D336-4F0F-46B8-A740-8D7B07BC0E99}.Debug|Any CPU.Build.0 = Debug|Any CPU
		{AB87D336-4F0F-46B8-A740-8D7B07BC0E99}.Release|Any CPU.ActiveCfg = Release|Any CPU
		{AB87D336-4F0F-46B8-A740-8D7B07BC0E99}.Release|Any CPU.Build.0 = Release|Any CPU
	EndGlobalSection
	GlobalSection(SolutionProperties) = preSolution
		HideSolutionNode = FALSE
	EndGlobalSection
	GlobalSection(NestedProjects) = preSolution
		{A2DBD615-1584-4919-8F0F-2B79FD20236E} = {E34B1361-1097-4781-9F0D-81B700883CB5}
		{17388CDC-0ED9-4678-847B-3CBD67B4B0A9} = {548BD663-0D90-443E-A527-AE8BC57BE208}
		{C06B82F0-D24A-4FA0-B36C-937B061B27E2} = {E34B1361-1097-4781-9F0D-81B700883CB5}
		{E4E5AF42-8C69-4485-88E3-BBCF80451FCB} = {E34B1361-1097-4781-9F0D-81B700883CB5}
		{EBC6EA7F-5520-4E4A-B016-25D4BBC0C3D7} = {075D772D-D0DC-47A9-9A9B-D0110F15F7E6}
		{ADA7FE92-57F4-4156-BAC6-E29C44617B28} = {6B4AFF00-D89F-4EA9-9B1C-32BC8C2A5258}
		{37BE2312-4A50-4C58-BEEB-0DD4884CB5F3} = {E34B1361-1097-4781-9F0D-81B700883CB5}
		{8BE66A04-8C99-4447-B79E-ABB8552A90C6} = {E34B1361-1097-4781-9F0D-81B700883CB5}
		{8DC0A602-27D0-4F40-8504-D5B8242C6E2D} = {FE36B0C3-1174-49C2-8EB1-18C6CC4C5DA8}
		{AB87D336-4F0F-46B8-A740-8D7B07BC0E99} = {FE36B0C3-1174-49C2-8EB1-18C6CC4C5DA8}
	EndGlobalSection
	GlobalSection(ExtensibilityGlobals) = postSolution
		SolutionGuid = {8BFFB9E4-F81D-4E20-A671-0C8BDA8A2F74}
	EndGlobalSection
EndGlobal
