
Microsoft Visual Studio Solution File, Format Version 12.00
# Visual Studio Version 17
VisualStudioVersion = 17.4.33213.308
MinimumVisualStudioVersion = 10.0.40219.1
Project("{2150E333-8FDC-42A3-9474-1A3956D46DE8}") = "Core", "Core", "{E34B1361-1097-4781-9F0D-81B700883CB5}"
EndProject
Project("{9A19103F-16F7-4668-BE54-9A1E7A4F7556}") = "OAuthService.Core", "Core\OAuthService.Core\OAuthService.Core.csproj", "{A2DBD615-1584-4919-8F0F-2B79FD20236E}"
EndProject
Project("{2150E333-8FDC-42A3-9474-1A3956D46DE8}") = "Services", "Services", "{6B4AFF00-D89F-4EA9-9B1C-32BC8C2A5258}"
EndProject
Project("{2150E333-8FDC-42A3-9474-1A3956D46DE8}") = "Interfaces", "Interfaces", "{FE36B0C3-1174-49C2-8EB1-18C6CC4C5DA8}"
EndProject
Project("{FAE04EC0-301F-11D3-BF4B-00C04F79EFBC}") = "OAuthService.Interfaces", "Interfaces\OAuthService.Interfaces\OAuthService.Interfaces.csproj", "{4EB76AA3-15DB-421A-8AD4-8CDAEF2140F2}"
EndProject
Project("{9A19103F-16F7-4668-BE54-9A1E7A4F7556}") = "OAuthService.Services", "Services\OAuthService.Services\OAuthService.Services.csproj", "{3FD435BD-AD36-4F41-98B4-F106CEFD66B7}"
EndProject
Project("{2150E333-8FDC-42A3-9474-1A3956D46DE8}") = "WebApi", "WebApi", "{F2A79737-F070-47AA-AF3A-6348C2824E7B}"
EndProject
Project("{FAE04EC0-301F-11D3-BF4B-00C04F79EFBC}") = "OAuthService.WebApi", "WebApi\OAuthService.WebApi\OAuthService.WebApi.csproj", "{87234B4E-E40C-436F-ACEF-80CD4D691EBE}"
EndProject
Global
	GlobalSection(SolutionConfigurationPlatforms) = preSolution
		Debug|Any CPU = Debug|Any CPU
		Release|Any CPU = Release|Any CPU
	EndGlobalSection
	GlobalSection(ProjectConfigurationPlatforms) = postSolution
		{A2DBD615-1584-4919-8F0F-2B79FD20236E}.Debug|Any CPU.ActiveCfg = Debug|Any CPU
		{A2DBD615-1584-4919-8F0F-2B79FD20236E}.Debug|Any CPU.Build.0 = Debug|Any CPU
		{A2DBD615-1584-4919-8F0F-2B79FD20236E}.Release|Any CPU.ActiveCfg = Release|Any CPU
		{A2DBD615-1584-4919-8F0F-2B79FD20236E}.Release|Any CPU.Build.0 = Release|Any CPU
		{4EB76AA3-15DB-421A-8AD4-8CDAEF2140F2}.Debug|Any CPU.ActiveCfg = Debug|Any CPU
		{4EB76AA3-15DB-421A-8AD4-8CDAEF2140F2}.Debug|Any CPU.Build.0 = Debug|Any CPU
		{4EB76AA3-15DB-421A-8AD4-8CDAEF2140F2}.Release|Any CPU.ActiveCfg = Release|Any CPU
		{4EB76AA3-15DB-421A-8AD4-8CDAEF2140F2}.Release|Any CPU.Build.0 = Release|Any CPU
		{3FD435BD-AD36-4F41-98B4-F106CEFD66B7}.Debug|Any CPU.ActiveCfg = Debug|Any CPU
		{3FD435BD-AD36-4F41-98B4-F106CEFD66B7}.Debug|Any CPU.Build.0 = Debug|Any CPU
		{3FD435BD-AD36-4F41-98B4-F106CEFD66B7}.Release|Any CPU.ActiveCfg = Release|Any CPU
		{3FD435BD-AD36-4F41-98B4-F106CEFD66B7}.Release|Any CPU.Build.0 = Release|Any CPU
		{87234B4E-E40C-436F-ACEF-80CD4D691EBE}.Debug|Any CPU.ActiveCfg = Debug|Any CPU
		{87234B4E-E40C-436F-ACEF-80CD4D691EBE}.Debug|Any CPU.Build.0 = Debug|Any CPU
		{87234B4E-E40C-436F-ACEF-80CD4D691EBE}.Release|Any CPU.ActiveCfg = Release|Any CPU
		{87234B4E-E40C-436F-ACEF-80CD4D691EBE}.Release|Any CPU.Build.0 = Release|Any CPU
	EndGlobalSection
	GlobalSection(SolutionProperties) = preSolution
		HideSolutionNode = FALSE
	EndGlobalSection
	GlobalSection(NestedProjects) = preSolution
		{A2DBD615-1584-4919-8F0F-2B79FD20236E} = {E34B1361-1097-4781-9F0D-81B700883CB5}
		{4EB76AA3-15DB-421A-8AD4-8CDAEF2140F2} = {FE36B0C3-1174-49C2-8EB1-18C6CC4C5DA8}
		{3FD435BD-AD36-4F41-98B4-F106CEFD66B7} = {6B4AFF00-D89F-4EA9-9B1C-32BC8C2A5258}
		{87234B4E-E40C-436F-ACEF-80CD4D691EBE} = {F2A79737-F070-47AA-AF3A-6348C2824E7B}
	EndGlobalSection
	GlobalSection(ExtensibilityGlobals) = postSolution
		SolutionGuid = {8BFFB9E4-F81D-4E20-A671-0C8BDA8A2F74}
	EndGlobalSection
EndGlobal
